<?xml version="1.0" encoding="UTF-8" standalone="yes" ?>
<CodeBlocks_project_file>
	<FileVersion major="1" minor="6" />
	<Project>
		<Option title="v_9b" />
		<Option pch_mode="2" />
		<Option compiler="gcc" />
		<Build>
			<Target title="Debug">
				<Option output="bin/Debug/v_9b_poly" prefix_auto="1" extension_auto="1" />
				<Option object_output="obj/Debug/" />
				<Option type="1" />
				<Option compiler="gcc" />
				<Compiler>
					<Add option="-Wshadow" />
					<Add option="-Wredundant-decls" />
					<Add option="-Wundef" />
					<Add option="-Wfloat-equal" />
					<Add option="-Wunreachable-code" />
					<Add option="-Weffc++" />
					<Add option="-pedantic" />
					<Add option="-Wextra" />
					<Add option="-Wall" />
					<Add option="-g" />
				</Compiler>
			</Target>
			<Target title="Release">
				<Option output="bin/Release/v_9b_poly" prefix_auto="1" extension_auto="1" />
				<Option object_output="obj/Release/" />
				<Option type="1" />
				<Option compiler="gcc" />
				<Compiler>
					<Add option="-O2" />
				</Compiler>
				<Linker>
					<Add option="-s" />
				</Linker>
			</Target>
		</Build>
		<Compiler>
			<Add option="-Wnon-virtual-dtor" />
			<Add option="-Wshadow" />
			<Add option="-Winit-self" />
			<Add option="-Wredundant-decls" />
			<Add option="-Wundef" />
			<Add option="-Wunreachable-code" />
			<Add option="-Wmissing-declarations" />
			<Add option="-Weffc++" />
			<Add option="-Wmain" />
			<Add option="-pedantic" />
			<Add option="-Wall" />
			<Add option="-std=c++17" />
			<Add option="-fexceptions" />
		</Compiler>
		<Unit filename="employee.cpp" />
		<Unit filename="employee.h" />
		<Unit filename="main.cpp" />
		<Unit filename="manager.cpp" />
		<Unit filename="manager.h" />
		<Unit filename="salesperson.cpp" />
		<Unit filename="salesperson.h" />
		<Unit filename="worker.cpp" />
		<Unit filename="worker.h" />
		<Extensions>
			<DoxyBlocks>
				<comment_style block="1" line="1" />
				<doxyfile_project />
				<doxyfile_build extract_all="1" extract_private="1" />
				<doxyfile_warnings />
				<doxyfile_output latex="1" />
				<doxyfile_dot class_diagrams="1" have_dot="1" />
				<general use_at_in_tags="1" />
			</DoxyBlocks>
			<lib_finder disable_auto="1" />
		</Extensions>
	</Project>
</CodeBlocks_project_file>
